
Microsoft Visual Studio Solution File, Format Version 12.00
# Visual Studio Version 17
VisualStudioVersion = 17.13.35931.197
MinimumVisualStudioVersion = 10.0.40219.1
Project("{FAE04EC0-301F-11D3-BF4B-00C04F79EFBC}") = "Polychan.App", "Polychan.App\Polychan.App.csproj", "{FB444F9A-3151-4021-A83F-7CAE9C56DA8C}"
EndProject
Project("{FAE04EC0-301F-11D3-BF4B-00C04F79EFBC}") = "Polychan.GUI", "Polychan.GUI\Polychan.GUI.csproj", "{C7AFFF85-7537-4C61-ABB2-3FE99F4ACBD4}"
EndProject
Project("{FAE04EC0-301F-11D3-BF4B-00C04F79EFBC}") = "Polychan.Resources", "Polychan.Resources\Polychan.Resources.csproj", "{C1CA6900-95D6-AA89-3B69-65E9A97CB10A}"
EndProject
Project("{FAE04EC0-301F-11D3-BF4B-00C04F79EFBC}") = "Polychan.GUI.Tests", "Polychan.GUI.Tests\Polychan.GUI.Tests.csproj", "{A21C269F-B88E-4989-8AE8-C45399514555}"
EndProject
Project("{FAE04EC0-301F-11D3-BF4B-00C04F79EFBC}") = "Polychan.Desktop", "Polychan.Desktop\Polychan.Desktop.csproj", "{4D213376-6E83-48BC-9B9F-BB950F7FA049}"
EndProject
Project("{FAE04EC0-301F-11D3-BF4B-00C04F79EFBC}") = "Polychan.Framework", "Polychan.Framework\Polychan.Framework.csproj", "{9EF0B7BF-C5C8-4212-BD39-2E299194B3F0}"
EndProject
Global
	GlobalSection(SolutionConfigurationPlatforms) = preSolution
		Debug|Any CPU = Debug|Any CPU
		Release|Any CPU = Release|Any CPU
	EndGlobalSection
	GlobalSection(ProjectConfigurationPlatforms) = postSolution
		{FB444F9A-3151-4021-A83F-7CAE9C56DA8C}.Debug|Any CPU.ActiveCfg = Debug|Any CPU
		{FB444F9A-3151-4021-A83F-7CAE9C56DA8C}.Debug|Any CPU.Build.0 = Debug|Any CPU
		{FB444F9A-3151-4021-A83F-7CAE9C56DA8C}.Release|Any CPU.ActiveCfg = Release|Any CPU
		{FB444F9A-3151-4021-A83F-7CAE9C56DA8C}.Release|Any CPU.Build.0 = Release|Any CPU
		{C7AFFF85-7537-4C61-ABB2-3FE99F4ACBD4}.Debug|Any CPU.ActiveCfg = Debug|Any CPU
		{C7AFFF85-7537-4C61-ABB2-3FE99F4ACBD4}.Debug|Any CPU.Build.0 = Debug|Any CPU
		{C7AFFF85-7537-4C61-ABB2-3FE99F4ACBD4}.Release|Any CPU.ActiveCfg = Release|Any CPU
		{C7AFFF85-7537-4C61-ABB2-3FE99F4ACBD4}.Release|Any CPU.Build.0 = Release|Any CPU
		{C1CA6900-95D6-AA89-3B69-65E9A97CB10A}.Debug|Any CPU.ActiveCfg = Debug|Any CPU
		{C1CA6900-95D6-AA89-3B69-65E9A97CB10A}.Debug|Any CPU.Build.0 = Debug|Any CPU
		{C1CA6900-95D6-AA89-3B69-65E9A97CB10A}.Release|Any CPU.ActiveCfg = Release|Any CPU
		{C1CA6900-95D6-AA89-3B69-65E9A97CB10A}.Release|Any CPU.Build.0 = Release|Any CPU
		{A21C269F-B88E-4989-8AE8-C45399514555}.Debug|Any CPU.ActiveCfg = Debug|Any CPU
		{A21C269F-B88E-4989-8AE8-C45399514555}.Debug|Any CPU.Build.0 = Debug|Any CPU
		{A21C269F-B88E-4989-8AE8-C45399514555}.Release|Any CPU.ActiveCfg = Release|Any CPU
		{A21C269F-B88E-4989-8AE8-C45399514555}.Release|Any CPU.Build.0 = Release|Any CPU
		{4D213376-6E83-48BC-9B9F-BB950F7FA049}.Debug|Any CPU.ActiveCfg = Debug|Any CPU
		{4D213376-6E83-48BC-9B9F-BB950F7FA049}.Debug|Any CPU.Build.0 = Debug|Any CPU
		{4D213376-6E83-48BC-9B9F-BB950F7FA049}.Release|Any CPU.ActiveCfg = Release|Any CPU
		{4D213376-6E83-48BC-9B9F-BB950F7FA049}.Release|Any CPU.Build.0 = Release|Any CPU
		{9EF0B7BF-C5C8-4212-BD39-2E299194B3F0}.Debug|Any CPU.ActiveCfg = Debug|Any CPU
		{9EF0B7BF-C5C8-4212-BD39-2E299194B3F0}.Debug|Any CPU.Build.0 = Debug|Any CPU
		{9EF0B7BF-C5C8-4212-BD39-2E299194B3F0}.Release|Any CPU.ActiveCfg = Release|Any CPU
		{9EF0B7BF-C5C8-4212-BD39-2E299194B3F0}.Release|Any CPU.Build.0 = Release|Any CPU
	EndGlobalSection
	GlobalSection(SolutionProperties) = preSolution
		HideSolutionNode = FALSE
	EndGlobalSection
	GlobalSection(ExtensibilityGlobals) = postSolution
		SolutionGuid = {62EF60A6-CD43-4301-9183-29DC234252F1}
	EndGlobalSection
EndGlobal
